// !$*UTF8*$!
{
	archiveVersion = 1;
	classes = {
	};
	objectVersion = 48;
	objects = {

/* Begin PBXBuildFile section */
		2CD423E71FC3633D000BBB50 /* AppDelegate.swift in Sources */ = {isa = PBXBuildFile; fileRef = 2CD423E61FC3633D000BBB50 /* AppDelegate.swift */; };
		2CD423E91FC3633D000BBB50 /* ViewController.swift in Sources */ = {isa = PBXBuildFile; fileRef = 2CD423E81FC3633D000BBB50 /* ViewController.swift */; };
		2CD423EC1FC3633D000BBB50 /* Main.storyboard in Resources */ = {isa = PBXBuildFile; fileRef = 2CD423EA1FC3633D000BBB50 /* Main.storyboard */; };
		2CD423EE1FC3633D000BBB50 /* Assets.xcassets in Resources */ = {isa = PBXBuildFile; fileRef = 2CD423ED1FC3633D000BBB50 /* Assets.xcassets */; };
		2CD423F11FC3633D000BBB50 /* LaunchScreen.storyboard in Resources */ = {isa = PBXBuildFile; fileRef = 2CD423EF1FC3633D000BBB50 /* LaunchScreen.storyboard */; };
		2CD423FC1FC3633D000BBB50 /* BCCCounterTests.swift in Sources */ = {isa = PBXBuildFile; fileRef = 2CD423FB1FC3633D000BBB50 /* BCCCounterTests.swift */; };
		2CD424071FC3633D000BBB50 /* BCCCounterUITests.swift in Sources */ = {isa = PBXBuildFile; fileRef = 2CD424061FC3633D000BBB50 /* BCCCounterUITests.swift */; };
/* End PBXBuildFile section */

/* Begin PBXContainerItemProxy section */
		2CD423F81FC3633D000BBB50 /* PBXContainerItemProxy */ = {
			isa = PBXContainerItemProxy;
			containerPortal = 2CD423DB1FC3633D000BBB50 /* Project object */;
			proxyType = 1;
			remoteGlobalIDString = 2CD423E21FC3633D000BBB50;
			remoteInfo = BCCCounter;
		};
		2CD424031FC3633D000BBB50 /* PBXContainerItemProxy */ = {
			isa = PBXContainerItemProxy;
			containerPortal = 2CD423DB1FC3633D000BBB50 /* Project object */;
			proxyType = 1;
			remoteGlobalIDString = 2CD423E21FC3633D000BBB50;
			remoteInfo = BCCCounter;
		};
/* End PBXContainerItemProxy section */

/* Begin PBXFileReference section */
		2CD423E31FC3633D000BBB50 /* BCCCounter.app */ = {isa = PBXFileReference; explicitFileType = wrapper.application; includeInIndex = 0; path = BCCCounter.app; sourceTree = BUILT_PRODUCTS_DIR; };
		2CD423E61FC3633D000BBB50 /* AppDelegate.swift */ = {isa = PBXFileReference; lastKnownFileType = sourcecode.swift; path = AppDelegate.swift; sourceTree = "<group>"; };
		2CD423E81FC3633D000BBB50 /* ViewController.swift */ = {isa = PBXFileReference; lastKnownFileType = sourcecode.swift; path = ViewController.swift; sourceTree = "<group>"; };
		2CD423EB1FC3633D000BBB50 /* Base */ = {isa = PBXFileReference; lastKnownFileType = file.storyboard; name = Base; path = Base.lproj/Main.storyboard; sourceTree = "<group>"; };
		2CD423ED1FC3633D000BBB50 /* Assets.xcassets */ = {isa = PBXFileReference; lastKnownFileType = folder.assetcatalog; path = Assets.xcassets; sourceTree = "<group>"; };
		2CD423F01FC3633D000BBB50 /* Base */ = {isa = PBXFileReference; lastKnownFileType = file.storyboard; name = Base; path = Base.lproj/LaunchScreen.storyboard; sourceTree = "<group>"; };
		2CD423F21FC3633D000BBB50 /* Info.plist */ = {isa = PBXFileReference; lastKnownFileType = text.plist.xml; path = Info.plist; sourceTree = "<group>"; };
		2CD423F71FC3633D000BBB50 /* BCCCounterTests.xctest */ = {isa = PBXFileReference; explicitFileType = wrapper.cfbundle; includeInIndex = 0; path = BCCCounterTests.xctest; sourceTree = BUILT_PRODUCTS_DIR; };
		2CD423FB1FC3633D000BBB50 /* BCCCounterTests.swift */ = {isa = PBXFileReference; lastKnownFileType = sourcecode.swift; path = BCCCounterTests.swift; sourceTree = "<group>"; };
		2CD423FD1FC3633D000BBB50 /* Info.plist */ = {isa = PBXFileReference; lastKnownFileType = text.plist.xml; path = Info.plist; sourceTree = "<group>"; };
		2CD424021FC3633D000BBB50 /* BCCCounterUITests.xctest */ = {isa = PBXFileReference; explicitFileType = wrapper.cfbundle; includeInIndex = 0; path = BCCCounterUITests.xctest; sourceTree = BUILT_PRODUCTS_DIR; };
		2CD424061FC3633D000BBB50 /* BCCCounterUITests.swift */ = {isa = PBXFileReference; lastKnownFileType = sourcecode.swift; path = BCCCounterUITests.swift; sourceTree = "<group>"; };
		2CD424081FC3633D000BBB50 /* Info.plist */ = {isa = PBXFileReference; lastKnownFileType = text.plist.xml; path = Info.plist; sourceTree = "<group>"; };
/* End PBXFileReference section */

/* Begin PBXFrameworksBuildPhase section */
		2CD423E01FC3633D000BBB50 /* Frameworks */ = {
			isa = PBXFrameworksBuildPhase;
			buildActionMask = 2147483647;
			files = (
			);
			runOnlyForDeploymentPostprocessing = 0;
		};
		2CD423F41FC3633D000BBB50 /* Frameworks */ = {
			isa = PBXFrameworksBuildPhase;
			buildActionMask = 2147483647;
			files = (
			);
			runOnlyForDeploymentPostprocessing = 0;
		};
		2CD423FF1FC3633D000BBB50 /* Frameworks */ = {
			isa = PBXFrameworksBuildPhase;
			buildActionMask = 2147483647;
			files = (
			);
			runOnlyForDeploymentPostprocessing = 0;
		};
/* End PBXFrameworksBuildPhase section */

/* Begin PBXGroup section */
		2CD423DA1FC3633D000BBB50 = {
			isa = PBXGroup;
			children = (
				2CD423E51FC3633D000BBB50 /* BCCCounter */,
				2CD423FA1FC3633D000BBB50 /* BCCCounterTests */,
				2CD424051FC3633D000BBB50 /* BCCCounterUITests */,
				2CD423E41FC3633D000BBB50 /* Products */,
			);
			sourceTree = "<group>";
		};
		2CD423E41FC3633D000BBB50 /* Products */ = {
			isa = PBXGroup;
			children = (
				2CD423E31FC3633D000BBB50 /* BCCCounter.app */,
				2CD423F71FC3633D000BBB50 /* BCCCounterTests.xctest */,
				2CD424021FC3633D000BBB50 /* BCCCounterUITests.xctest */,
			);
			name = Products;
			sourceTree = "<group>";
		};
		2CD423E51FC3633D000BBB50 /* BCCCounter */ = {
			isa = PBXGroup;
			children = (
				2CD423E61FC3633D000BBB50 /* AppDelegate.swift */,
				2CD423E81FC3633D000BBB50 /* ViewController.swift */,
				2CD423EA1FC3633D000BBB50 /* Main.storyboard */,
				2CD423ED1FC3633D000BBB50 /* Assets.xcassets */,
				2CD423EF1FC3633D000BBB50 /* LaunchScreen.storyboard */,
				2CD423F21FC3633D000BBB50 /* Info.plist */,
			);
			path = BCCCounter;
			sourceTree = "<group>";
		};
		2CD423FA1FC3633D000BBB50 /* BCCCounterTests */ = {
			isa = PBXGroup;
			children = (
				2CD423FB1FC3633D000BBB50 /* BCCCounterTests.swift */,
				2CD423FD1FC3633D000BBB50 /* Info.plist */,
			);
			path = BCCCounterTests;
			sourceTree = "<group>";
		};
		2CD424051FC3633D000BBB50 /* BCCCounterUITests */ = {
			isa = PBXGroup;
			children = (
				2CD424061FC3633D000BBB50 /* BCCCounterUITests.swift */,
				2CD424081FC3633D000BBB50 /* Info.plist */,
			);
			path = BCCCounterUITests;
			sourceTree = "<group>";
		};
/* End PBXGroup section */

/* Begin PBXNativeTarget section */
		2CD423E21FC3633D000BBB50 /* BCCCounter */ = {
			isa = PBXNativeTarget;
			buildConfigurationList = 2CD4240B1FC3633D000BBB50 /* Build configuration list for PBXNativeTarget "BCCCounter" */;
			buildPhases = (
				2CD423DF1FC3633D000BBB50 /* Sources */,
				2CD423E01FC3633D000BBB50 /* Frameworks */,
				2CD423E11FC3633D000BBB50 /* Resources */,
			);
			buildRules = (
			);
			dependencies = (
			);
			name = BCCCounter;
			productName = BCCCounter;
			productReference = 2CD423E31FC3633D000BBB50 /* BCCCounter.app */;
			productType = "com.apple.product-type.application";
		};
		2CD423F61FC3633D000BBB50 /* BCCCounterTests */ = {
			isa = PBXNativeTarget;
			buildConfigurationList = 2CD4240E1FC3633D000BBB50 /* Build configuration list for PBXNativeTarget "BCCCounterTests" */;
			buildPhases = (
				2CD423F31FC3633D000BBB50 /* Sources */,
				2CD423F41FC3633D000BBB50 /* Frameworks */,
				2CD423F51FC3633D000BBB50 /* Resources */,
			);
			buildRules = (
			);
			dependencies = (
				2CD423F91FC3633D000BBB50 /* PBXTargetDependency */,
			);
			name = BCCCounterTests;
			productName = BCCCounterTests;
			productReference = 2CD423F71FC3633D000BBB50 /* BCCCounterTests.xctest */;
			productType = "com.apple.product-type.bundle.unit-test";
		};
		2CD424011FC3633D000BBB50 /* BCCCounterUITests */ = {
			isa = PBXNativeTarget;
			buildConfigurationList = 2CD424111FC3633D000BBB50 /* Build configuration list for PBXNativeTarget "BCCCounterUITests" */;
			buildPhases = (
				2CD423FE1FC3633D000BBB50 /* Sources */,
				2CD423FF1FC3633D000BBB50 /* Frameworks */,
				2CD424001FC3633D000BBB50 /* Resources */,
			);
			buildRules = (
			);
			dependencies = (
				2CD424041FC3633D000BBB50 /* PBXTargetDependency */,
			);
			name = BCCCounterUITests;
			productName = BCCCounterUITests;
			productReference = 2CD424021FC3633D000BBB50 /* BCCCounterUITests.xctest */;
			productType = "com.apple.product-type.bundle.ui-testing";
		};
/* End PBXNativeTarget section */

/* Begin PBXProject section */
		2CD423DB1FC3633D000BBB50 /* Project object */ = {
			isa = PBXProject;
			attributes = {
				LastSwiftUpdateCheck = 0910;
				LastUpgradeCheck = 0910;
				ORGANIZATIONNAME = Bertrand;
				TargetAttributes = {
					2CD423E21FC3633D000BBB50 = {
						CreatedOnToolsVersion = 9.1;
						ProvisioningStyle = Automatic;
					};
					2CD423F61FC3633D000BBB50 = {
						CreatedOnToolsVersion = 9.1;
						ProvisioningStyle = Automatic;
						TestTargetID = 2CD423E21FC3633D000BBB50;
					};
					2CD424011FC3633D000BBB50 = {
						CreatedOnToolsVersion = 9.1;
						ProvisioningStyle = Automatic;
						TestTargetID = 2CD423E21FC3633D000BBB50;
					};
				};
			};
			buildConfigurationList = 2CD423DE1FC3633D000BBB50 /* Build configuration list for PBXProject "BCCCounter" */;
			compatibilityVersion = "Xcode 8.0";
			developmentRegion = en;
			hasScannedForEncodings = 0;
			knownRegions = (
				en,
				Base,
			);
			mainGroup = 2CD423DA1FC3633D000BBB50;
			productRefGroup = 2CD423E41FC3633D000BBB50 /* Products */;
			projectDirPath = "";
			projectRoot = "";
			targets = (
				2CD423E21FC3633D000BBB50 /* BCCCounter */,
				2CD423F61FC3633D000BBB50 /* BCCCounterTests */,
				2CD424011FC3633D000BBB50 /* BCCCounterUITests */,
			);
		};
/* End PBXProject section */

/* Begin PBXResourcesBuildPhase section */
		2CD423E11FC3633D000BBB50 /* Resources */ = {
			isa = PBXResourcesBuildPhase;
			buildActionMask = 2147483647;
			files = (
				2CD423F11FC3633D000BBB50 /* LaunchScreen.storyboard in Resources */,
				2CD423EE1FC3633D000BBB50 /* Assets.xcassets in Resources */,
				2CD423EC1FC3633D000BBB50 /* Main.storyboard in Resources */,
			);
			runOnlyForDeploymentPostprocessing = 0;
		};
		2CD423F51FC3633D000BBB50 /* Resources */ = {
			isa = PBXResourcesBuildPhase;
			buildActionMask = 2147483647;
			files = (
			);
			runOnlyForDeploymentPostprocessing = 0;
		};
		2CD424001FC3633D000BBB50 /* Resources */ = {
			isa = PBXResourcesBuildPhase;
			buildActionMask = 2147483647;
			files = (
			);
			runOnlyForDeploymentPostprocessing = 0;
		};
/* End PBXResourcesBuildPhase section */

/* Begin PBXSourcesBuildPhase section */
		2CD423DF1FC3633D000BBB50 /* Sources */ = {
			isa = PBXSourcesBuildPhase;
			buildActionMask = 2147483647;
			files = (
				2CD423E91FC3633D000BBB50 /* ViewController.swift in Sources */,
				2CD423E71FC3633D000BBB50 /* AppDelegate.swift in Sources */,
			);
			runOnlyForDeploymentPostprocessing = 0;
		};
		2CD423F31FC3633D000BBB50 /* Sources */ = {
			isa = PBXSourcesBuildPhase;
			buildActionMask = 2147483647;
			files = (
				2CD423FC1FC3633D000BBB50 /* BCCCounterTests.swift in Sources */,
			);
			runOnlyForDeploymentPostprocessing = 0;
		};
		2CD423FE1FC3633D000BBB50 /* Sources */ = {
			isa = PBXSourcesBuildPhase;
			buildActionMask = 2147483647;
			files = (
				2CD424071FC3633D000BBB50 /* BCCCounterUITests.swift in Sources */,
			);
			runOnlyForDeploymentPostprocessing = 0;
		};
/* End PBXSourcesBuildPhase section */

/* Begin PBXTargetDependency section */
		2CD423F91FC3633D000BBB50 /* PBXTargetDependency */ = {
			isa = PBXTargetDependency;
			target = 2CD423E21FC3633D000BBB50 /* BCCCounter */;
			targetProxy = 2CD423F81FC3633D000BBB50 /* PBXContainerItemProxy */;
		};
		2CD424041FC3633D000BBB50 /* PBXTargetDependency */ = {
			isa = PBXTargetDependency;
			target = 2CD423E21FC3633D000BBB50 /* BCCCounter */;
			targetProxy = 2CD424031FC3633D000BBB50 /* PBXContainerItemProxy */;
		};
/* End PBXTargetDependency section */

/* Begin PBXVariantGroup section */
		2CD423EA1FC3633D000BBB50 /* Main.storyboard */ = {
			isa = PBXVariantGroup;
			children = (
				2CD423EB1FC3633D000BBB50 /* Base */,
			);
			name = Main.storyboard;
			sourceTree = "<group>";
		};
		2CD423EF1FC3633D000BBB50 /* LaunchScreen.storyboard */ = {
			isa = PBXVariantGroup;
			children = (
				2CD423F01FC3633D000BBB50 /* Base */,
			);
			name = LaunchScreen.storyboard;
			sourceTree = "<group>";
		};
/* End PBXVariantGroup section */

/* Begin XCBuildConfiguration section */
		2CD424091FC3633D000BBB50 /* Debug */ = {
			isa = XCBuildConfiguration;
			buildSettings = {
				ALWAYS_SEARCH_USER_PATHS = NO;
				CLANG_ANALYZER_NONNULL = YES;
				CLANG_ANALYZER_NUMBER_OBJECT_CONVERSION = YES_AGGRESSIVE;
				CLANG_CXX_LANGUAGE_STANDARD = "gnu++14";
				CLANG_CXX_LIBRARY = "libc++";
				CLANG_ENABLE_MODULES = YES;
				CLANG_ENABLE_OBJC_ARC = YES;
				CLANG_WARN_BLOCK_CAPTURE_AUTORELEASING = YES;
				CLANG_WARN_BOOL_CONVERSION = YES;
				CLANG_WARN_COMMA = YES;
				CLANG_WARN_CONSTANT_CONVERSION = YES;
				CLANG_WARN_DIRECT_OBJC_ISA_USAGE = YES_ERROR;
				CLANG_WARN_DOCUMENTATION_COMMENTS = YES;
				CLANG_WARN_EMPTY_BODY = YES;
				CLANG_WARN_ENUM_CONVERSION = YES;
				CLANG_WARN_INFINITE_RECURSION = YES;
				CLANG_WARN_INT_CONVERSION = YES;
				CLANG_WARN_NON_LITERAL_NULL_CONVERSION = YES;
				CLANG_WARN_OBJC_LITERAL_CONVERSION = YES;
				CLANG_WARN_OBJC_ROOT_CLASS = YES_ERROR;
				CLANG_WARN_RANGE_LOOP_ANALYSIS = YES;
				CLANG_WARN_STRICT_PROTOTYPES = YES;
				CLANG_WARN_SUSPICIOUS_MOVE = YES;
				CLANG_WARN_UNGUARDED_AVAILABILITY = YES_AGGRESSIVE;
				CLANG_WARN_UNREACHABLE_CODE = YES;
				CLANG_WARN__DUPLICATE_METHOD_MATCH = YES;
				CODE_SIGN_IDENTITY = "iPhone Developer";
				COPY_PHASE_STRIP = NO;
				DEBUG_INFORMATION_FORMAT = dwarf;
				ENABLE_STRICT_OBJC_MSGSEND = YES;
				ENABLE_TESTABILITY = YES;
				GCC_C_LANGUAGE_STANDARD = gnu11;
				GCC_DYNAMIC_NO_PIC = NO;
				GCC_NO_COMMON_BLOCKS = YES;
				GCC_OPTIMIZATION_LEVEL = 0;
				GCC_PREPROCESSOR_DEFINITIONS = (
					"DEBUG=1",
					"$(inherited)",
				);
				GCC_WARN_64_TO_32_BIT_CONVERSION = YES;
				GCC_WARN_ABOUT_RETURN_TYPE = YES_ERROR;
				GCC_WARN_UNDECLARED_SELECTOR = YES;
				GCC_WARN_UNINITIALIZED_AUTOS = YES_AGGRESSIVE;
				GCC_WARN_UNUSED_FUNCTION = YES;
				GCC_WARN_UNUSED_VARIABLE = YES;
				IPHONEOS_DEPLOYMENT_TARGET = 11.1;
				MTL_ENABLE_DEBUG_INFO = YES;
				ONLY_ACTIVE_ARCH = YES;
				SDKROOT = iphoneos;
				SWIFT_ACTIVE_COMPILATION_CONDITIONS = DEBUG;
				SWIFT_OPTIMIZATION_LEVEL = "-Onone";
			};
			name = Debug;
		};
		2CD4240A1FC3633D000BBB50 /* Release */ = {
			isa = XCBuildConfiguration;
			buildSettings = {
				ALWAYS_SEARCH_USER_PATHS = NO;
				CLANG_ANALYZER_NONNULL = YES;
				CLANG_ANALYZER_NUMBER_OBJECT_CONVERSION = YES_AGGRESSIVE;
				CLANG_CXX_LANGUAGE_STANDARD = "gnu++14";
				CLANG_CXX_LIBRARY = "libc++";
				CLANG_ENABLE_MODULES = YES;
				CLANG_ENABLE_OBJC_ARC = YES;
				CLANG_WARN_BLOCK_CAPTURE_AUTORELEASING = YES;
				CLANG_WARN_BOOL_CONVERSION = YES;
				CLANG_WARN_COMMA = YES;
				CLANG_WARN_CONSTANT_CONVERSION = YES;
				CLANG_WARN_DIRECT_OBJC_ISA_USAGE = YES_ERROR;
				CLANG_WARN_DOCUMENTATION_COMMENTS = YES;
				CLANG_WARN_EMPTY_BODY = YES;
				CLANG_WARN_ENUM_CONVERSION = YES;
				CLANG_WARN_INFINITE_RECURSION = YES;
				CLANG_WARN_INT_CONVERSION = YES;
				CLANG_WARN_NON_LITERAL_NULL_CONVERSION = YES;
				CLANG_WARN_OBJC_LITERAL_CONVERSION = YES;
				CLANG_WARN_OBJC_ROOT_CLASS = YES_ERROR;
				CLANG_WARN_RANGE_LOOP_ANALYSIS = YES;
				CLANG_WARN_STRICT_PROTOTYPES = YES;
				CLANG_WARN_SUSPICIOUS_MOVE = YES;
				CLANG_WARN_UNGUARDED_AVAILABILITY = YES_AGGRESSIVE;
				CLANG_WARN_UNREACHABLE_CODE = YES;
				CLANG_WARN__DUPLICATE_METHOD_MATCH = YES;
				CODE_SIGN_IDENTITY = "iPhone Developer";
				COPY_PHASE_STRIP = NO;
				DEBUG_INFORMATION_FORMAT = "dwarf-with-dsym";
				ENABLE_NS_ASSERTIONS = NO;
				ENABLE_STRICT_OBJC_MSGSEND = YES;
				GCC_C_LANGUAGE_STANDARD = gnu11;
				GCC_NO_COMMON_BLOCKS = YES;
				GCC_WARN_64_TO_32_BIT_CONVERSION = YES;
				GCC_WARN_ABOUT_RETURN_TYPE = YES_ERROR;
				GCC_WARN_UNDECLARED_SELECTOR = YES;
				GCC_WARN_UNINITIALIZED_AUTOS = YES_AGGRESSIVE;
				GCC_WARN_UNUSED_FUNCTION = YES;
				GCC_WARN_UNUSED_VARIABLE = YES;
				IPHONEOS_DEPLOYMENT_TARGET = 11.1;
				MTL_ENABLE_DEBUG_INFO = NO;
				SDKROOT = iphoneos;
				SWIFT_OPTIMIZATION_LEVEL = "-Owholemodule";
				VALIDATE_PRODUCT = YES;
			};
			name = Release;
		};
		2CD4240C1FC3633D000BBB50 /* Debug */ = {
			isa = XCBuildConfiguration;
			buildSettings = {
				ASSETCATALOG_COMPILER_APPICON_NAME = AppIcon;
				CODE_SIGN_STYLE = Automatic;
				DEVELOPMENT_TEAM = WQYHQS4B7W;
				INFOPLIST_FILE = BCCCounter/Info.plist;
				LD_RUNPATH_SEARCH_PATHS = "$(inherited) @executable_path/Frameworks";
				PRODUCT_BUNDLE_IDENTIFIER = Bertrand.BCCCounter;
				PRODUCT_NAME = "$(TARGET_NAME)";
				SWIFT_VERSION = 4.0;
				TARGETED_DEVICE_FAMILY = "1,2";
			};
			name = Debug;
		};
		2CD4240D1FC3633D000BBB50 /* Release */ = {
			isa = XCBuildConfiguration;
			buildSettings = {
				ASSETCATALOG_COMPILER_APPICON_NAME = AppIcon;
				CODE_SIGN_STYLE = Automatic;
				DEVELOPMENT_TEAM = WQYHQS4B7W;
				INFOPLIST_FILE = BCCCounter/Info.plist;
				LD_RUNPATH_SEARCH_PATHS = "$(inherited) @executable_path/Frameworks";
				PRODUCT_BUNDLE_IDENTIFIER = Bertrand.BCCCounter;
				PRODUCT_NAME = "$(TARGET_NAME)";
				SWIFT_VERSION = 4.0;
				TARGETED_DEVICE_FAMILY = "1,2";
			};
			name = Release;
		};
		2CD4240F1FC3633D000BBB50 /* Debug */ = {
			isa = XCBuildConfiguration;
			buildSettings = {
				ALWAYS_EMBED_SWIFT_STANDARD_LIBRARIES = YES;
				BUNDLE_LOADER = "$(TEST_HOST)";
				CODE_SIGN_STYLE = Automatic;
				DEVELOPMENT_TEAM = WQYHQS4B7W;
				INFOPLIST_FILE = BCCCounterTests/Info.plist;
				LD_RUNPATH_SEARCH_PATHS = "$(inherited) @executable_path/Frameworks @loader_path/Frameworks";
				PRODUCT_BUNDLE_IDENTIFIER = Bertrand.BCCCounterTests;
				PRODUCT_NAME = "$(TARGET_NAME)";
				SWIFT_VERSION = 4.0;
				TARGETED_DEVICE_FAMILY = "1,2";
				TEST_HOST = "$(BUILT_PRODUCTS_DIR)/BCCCounter.app/BCCCounter";
			};
			name = Debug;
		};
		2CD424101FC3633D000BBB50 /* Release */ = {
			isa = XCBuildConfiguration;
			buildSettings = {
				ALWAYS_EMBED_SWIFT_STANDARD_LIBRARIES = YES;
				BUNDLE_LOADER = "$(TEST_HOST)";
				CODE_SIGN_STYLE = Automatic;
				DEVELOPMENT_TEAM = WQYHQS4B7W;
				INFOPLIST_FILE = BCCCounterTests/Info.plist;
				LD_RUNPATH_SEARCH_PATHS = "$(inherited) @executable_path/Frameworks @loader_path/Frameworks";
				PRODUCT_BUNDLE_IDENTIFIER = Bertrand.BCCCounterTests;
				PRODUCT_NAME = "$(TARGET_NAME)";
				SWIFT_VERSION = 4.0;
				TARGETED_DEVICE_FAMILY = "1,2";
				TEST_HOST = "$(BUILT_PRODUCTS_DIR)/BCCCounter.app/BCCCounter";
			};
			name = Release;
		};
		2CD424121FC3633D000BBB50 /* Debug */ = {
			isa = XCBuildConfiguration;
			buildSettings = {
				ALWAYS_EMBED_SWIFT_STANDARD_LIBRARIES = YES;
				CODE_SIGN_STYLE = Automatic;
				DEVELOPMENT_TEAM = WQYHQS4B7W;
				INFOPLIST_FILE = BCCCounterUITests/Info.plist;
				LD_RUNPATH_SEARCH_PATHS = "$(inherited) @executable_path/Frameworks @loader_path/Frameworks";
				PRODUCT_BUNDLE_IDENTIFIER = Bertrand.BCCCounterUITests;
				PRODUCT_NAME = "$(TARGET_NAME)";
				SWIFT_VERSION = 4.0;
				TARGETED_DEVICE_FAMILY = "1,2";
				TEST_TARGET_NAME = BCCCounter;
			};
			name = Debug;
		};
		2CD424131FC3633D000BBB50 /* Release */ = {
			isa = XCBuildConfiguration;
			buildSettings = {
				ALWAYS_EMBED_SWIFT_STANDARD_LIBRARIES = YES;
				CODE_SIGN_STYLE = Automatic;
				DEVELOPMENT_TEAM = WQYHQS4B7W;
				INFOPLIST_FILE = BCCCounterUITests/Info.plist;
				LD_RUNPATH_SEARCH_PATHS = "$(inherited) @executable_path/Frameworks @loader_path/Frameworks";
				PRODUCT_BUNDLE_IDENTIFIER = Bertrand.BCCCounterUITests;
				PRODUCT_NAME = "$(TARGET_NAME)";
				SWIFT_VERSION = 4.0;
				TARGETED_DEVICE_FAMILY = "1,2";
				TEST_TARGET_NAME = BCCCounter;
			};
			name = Release;
		};
/* End XCBuildConfiguration section */

/* Begin XCConfigurationList section */
		2CD423DE1FC3633D000BBB50 /* Build configuration list for PBXProject "BCCCounter" */ = {
			isa = XCConfigurationList;
			buildConfigurations = (
				2CD424091FC3633D000BBB50 /* Debug */,
				2CD4240A1FC3633D000BBB50 /* Release */,
			);
			defaultConfigurationIsVisible = 0;
			defaultConfigurationName = Release;
		};
		2CD4240B1FC3633D000BBB50 /* Build configuration list for PBXNativeTarget "BCCCounter" */ = {
			isa = XCConfigurationList;
			buildConfigurations = (
				2CD4240C1FC3633D000BBB50 /* Debug */,
				2CD4240D1FC3633D000BBB50 /* Release */,
			);
			defaultConfigurationIsVisible = 0;
			defaultConfigurationName = Release;
		};
		2CD4240E1FC3633D000BBB50 /* Build configuration list for PBXNativeTarget "BCCCounterTests" */ = {
			isa = XCConfigurationList;
			buildConfigurations = (
				2CD4240F1FC3633D000BBB50 /* Debug */,
				2CD424101FC3633D000BBB50 /* Release */,
			);
			defaultConfigurationIsVisible = 0;
			defaultConfigurationName = Release;
		};
		2CD424111FC3633D000BBB50 /* Build configuration list for PBXNativeTarget "BCCCounterUITests" */ = {
			isa = XCConfigurationList;
			buildConfigurations = (
				2CD424121FC3633D000BBB50 /* Debug */,
				2CD424131FC3633D000BBB50 /* Release */,
			);
			defaultConfigurationIsVisible = 0;
			defaultConfigurationName = Release;
		};
/* End XCConfigurationList section */
	};
	rootObject = 2CD423DB1FC3633D000BBB50 /* Project object */;
}
