// !$*UTF8*$!
{
	archiveVersion = 1;
	classes = {
	};
	objectVersion = 48;
	objects = {

/* Begin PBXBuildFile section */
		2CEFB2001FCE9172002090E4 /* AppDelegate.swift in Sources */ = {isa = PBXBuildFile; fileRef = 2CEFB1FF1FCE9172002090E4 /* AppDelegate.swift */; };
		2CEFB2021FCE9172002090E4 /* ViewController.swift in Sources */ = {isa = PBXBuildFile; fileRef = 2CEFB2011FCE9172002090E4 /* ViewController.swift */; };
		2CEFB2051FCE9172002090E4 /* Main.storyboard in Resources */ = {isa = PBXBuildFile; fileRef = 2CEFB2031FCE9172002090E4 /* Main.storyboard */; };
		2CEFB2071FCE9172002090E4 /* Assets.xcassets in Resources */ = {isa = PBXBuildFile; fileRef = 2CEFB2061FCE9172002090E4 /* Assets.xcassets */; };
		2CEFB20A1FCE9172002090E4 /* LaunchScreen.storyboard in Resources */ = {isa = PBXBuildFile; fileRef = 2CEFB2081FCE9172002090E4 /* LaunchScreen.storyboard */; };
		2CEFB2151FCE9172002090E4 /* BCCAttendanceTrackerIOSTests.swift in Sources */ = {isa = PBXBuildFile; fileRef = 2CEFB2141FCE9172002090E4 /* BCCAttendanceTrackerIOSTests.swift */; };
		2CEFB2201FCE9172002090E4 /* BCCAttendanceTrackerIOSUITests.swift in Sources */ = {isa = PBXBuildFile; fileRef = 2CEFB21F1FCE9172002090E4 /* BCCAttendanceTrackerIOSUITests.swift */; };
/* End PBXBuildFile section */

/* Begin PBXContainerItemProxy section */
		2CEFB2111FCE9172002090E4 /* PBXContainerItemProxy */ = {
			isa = PBXContainerItemProxy;
			containerPortal = 2CEFB1F41FCE9171002090E4 /* Project object */;
			proxyType = 1;
			remoteGlobalIDString = 2CEFB1FB1FCE9171002090E4;
			remoteInfo = BCCAttendanceTrackerIOS;
		};
		2CEFB21C1FCE9172002090E4 /* PBXContainerItemProxy */ = {
			isa = PBXContainerItemProxy;
			containerPortal = 2CEFB1F41FCE9171002090E4 /* Project object */;
			proxyType = 1;
			remoteGlobalIDString = 2CEFB1FB1FCE9171002090E4;
			remoteInfo = BCCAttendanceTrackerIOS;
		};
/* End PBXContainerItemProxy section */

/* Begin PBXFileReference section */
		2CEFB1FC1FCE9172002090E4 /* BCCAttendanceTrackerIOS.app */ = {isa = PBXFileReference; explicitFileType = wrapper.application; includeInIndex = 0; path = BCCAttendanceTrackerIOS.app; sourceTree = BUILT_PRODUCTS_DIR; };
		2CEFB1FF1FCE9172002090E4 /* AppDelegate.swift */ = {isa = PBXFileReference; lastKnownFileType = sourcecode.swift; path = AppDelegate.swift; sourceTree = "<group>"; };
		2CEFB2011FCE9172002090E4 /* ViewController.swift */ = {isa = PBXFileReference; lastKnownFileType = sourcecode.swift; path = ViewController.swift; sourceTree = "<group>"; };
		2CEFB2041FCE9172002090E4 /* Base */ = {isa = PBXFileReference; lastKnownFileType = file.storyboard; name = Base; path = Base.lproj/Main.storyboard; sourceTree = "<group>"; };
		2CEFB2061FCE9172002090E4 /* Assets.xcassets */ = {isa = PBXFileReference; lastKnownFileType = folder.assetcatalog; path = Assets.xcassets; sourceTree = "<group>"; };
		2CEFB2091FCE9172002090E4 /* Base */ = {isa = PBXFileReference; lastKnownFileType = file.storyboard; name = Base; path = Base.lproj/LaunchScreen.storyboard; sourceTree = "<group>"; };
		2CEFB20B1FCE9172002090E4 /* Info.plist */ = {isa = PBXFileReference; lastKnownFileType = text.plist.xml; path = Info.plist; sourceTree = "<group>"; };
		2CEFB2101FCE9172002090E4 /* BCCAttendanceTrackerIOSTests.xctest */ = {isa = PBXFileReference; explicitFileType = wrapper.cfbundle; includeInIndex = 0; path = BCCAttendanceTrackerIOSTests.xctest; sourceTree = BUILT_PRODUCTS_DIR; };
		2CEFB2141FCE9172002090E4 /* BCCAttendanceTrackerIOSTests.swift */ = {isa = PBXFileReference; lastKnownFileType = sourcecode.swift; path = BCCAttendanceTrackerIOSTests.swift; sourceTree = "<group>"; };
		2CEFB2161FCE9172002090E4 /* Info.plist */ = {isa = PBXFileReference; lastKnownFileType = text.plist.xml; path = Info.plist; sourceTree = "<group>"; };
		2CEFB21B1FCE9172002090E4 /* BCCAttendanceTrackerIOSUITests.xctest */ = {isa = PBXFileReference; explicitFileType = wrapper.cfbundle; includeInIndex = 0; path = BCCAttendanceTrackerIOSUITests.xctest; sourceTree = BUILT_PRODUCTS_DIR; };
		2CEFB21F1FCE9172002090E4 /* BCCAttendanceTrackerIOSUITests.swift */ = {isa = PBXFileReference; lastKnownFileType = sourcecode.swift; path = BCCAttendanceTrackerIOSUITests.swift; sourceTree = "<group>"; };
		2CEFB2211FCE9172002090E4 /* Info.plist */ = {isa = PBXFileReference; lastKnownFileType = text.plist.xml; path = Info.plist; sourceTree = "<group>"; };
/* End PBXFileReference section */

/* Begin PBXFrameworksBuildPhase section */
		2CEFB1F91FCE9171002090E4 /* Frameworks */ = {
			isa = PBXFrameworksBuildPhase;
			buildActionMask = 2147483647;
			files = (
			);
			runOnlyForDeploymentPostprocessing = 0;
		};
		2CEFB20D1FCE9172002090E4 /* Frameworks */ = {
			isa = PBXFrameworksBuildPhase;
			buildActionMask = 2147483647;
			files = (
			);
			runOnlyForDeploymentPostprocessing = 0;
		};
		2CEFB2181FCE9172002090E4 /* Frameworks */ = {
			isa = PBXFrameworksBuildPhase;
			buildActionMask = 2147483647;
			files = (
			);
			runOnlyForDeploymentPostprocessing = 0;
		};
/* End PBXFrameworksBuildPhase section */

/* Begin PBXGroup section */
		2CEFB1F31FCE9171002090E4 = {
			isa = PBXGroup;
			children = (
				2CEFB1FE1FCE9172002090E4 /* BCCAttendanceTrackerIOS */,
				2CEFB2131FCE9172002090E4 /* BCCAttendanceTrackerIOSTests */,
				2CEFB21E1FCE9172002090E4 /* BCCAttendanceTrackerIOSUITests */,
				2CEFB1FD1FCE9172002090E4 /* Products */,
			);
			sourceTree = "<group>";
		};
		2CEFB1FD1FCE9172002090E4 /* Products */ = {
			isa = PBXGroup;
			children = (
				2CEFB1FC1FCE9172002090E4 /* BCCAttendanceTrackerIOS.app */,
				2CEFB2101FCE9172002090E4 /* BCCAttendanceTrackerIOSTests.xctest */,
				2CEFB21B1FCE9172002090E4 /* BCCAttendanceTrackerIOSUITests.xctest */,
			);
			name = Products;
			sourceTree = "<group>";
		};
		2CEFB1FE1FCE9172002090E4 /* BCCAttendanceTrackerIOS */ = {
			isa = PBXGroup;
			children = (
				2CEFB1FF1FCE9172002090E4 /* AppDelegate.swift */,
				2CEFB2011FCE9172002090E4 /* ViewController.swift */,
				2CEFB2031FCE9172002090E4 /* Main.storyboard */,
				2CEFB2061FCE9172002090E4 /* Assets.xcassets */,
				2CEFB2081FCE9172002090E4 /* LaunchScreen.storyboard */,
				2CEFB20B1FCE9172002090E4 /* Info.plist */,
			);
			path = BCCAttendanceTrackerIOS;
			sourceTree = "<group>";
		};
		2CEFB2131FCE9172002090E4 /* BCCAttendanceTrackerIOSTests */ = {
			isa = PBXGroup;
			children = (
				2CEFB2141FCE9172002090E4 /* BCCAttendanceTrackerIOSTests.swift */,
				2CEFB2161FCE9172002090E4 /* Info.plist */,
			);
			path = BCCAttendanceTrackerIOSTests;
			sourceTree = "<group>";
		};
		2CEFB21E1FCE9172002090E4 /* BCCAttendanceTrackerIOSUITests */ = {
			isa = PBXGroup;
			children = (
				2CEFB21F1FCE9172002090E4 /* BCCAttendanceTrackerIOSUITests.swift */,
				2CEFB2211FCE9172002090E4 /* Info.plist */,
			);
			path = BCCAttendanceTrackerIOSUITests;
			sourceTree = "<group>";
		};
/* End PBXGroup section */

/* Begin PBXNativeTarget section */
		2CEFB1FB1FCE9171002090E4 /* BCCAttendanceTrackerIOS */ = {
			isa = PBXNativeTarget;
			buildConfigurationList = 2CEFB2241FCE9172002090E4 /* Build configuration list for PBXNativeTarget "BCCAttendanceTrackerIOS" */;
			buildPhases = (
				2CEFB1F81FCE9171002090E4 /* Sources */,
				2CEFB1F91FCE9171002090E4 /* Frameworks */,
				2CEFB1FA1FCE9171002090E4 /* Resources */,
			);
			buildRules = (
			);
			dependencies = (
			);
			name = BCCAttendanceTrackerIOS;
			productName = BCCAttendanceTrackerIOS;
			productReference = 2CEFB1FC1FCE9172002090E4 /* BCCAttendanceTrackerIOS.app */;
			productType = "com.apple.product-type.application";
		};
		2CEFB20F1FCE9172002090E4 /* BCCAttendanceTrackerIOSTests */ = {
			isa = PBXNativeTarget;
			buildConfigurationList = 2CEFB2271FCE9172002090E4 /* Build configuration list for PBXNativeTarget "BCCAttendanceTrackerIOSTests" */;
			buildPhases = (
				2CEFB20C1FCE9172002090E4 /* Sources */,
				2CEFB20D1FCE9172002090E4 /* Frameworks */,
				2CEFB20E1FCE9172002090E4 /* Resources */,
			);
			buildRules = (
			);
			dependencies = (
				2CEFB2121FCE9172002090E4 /* PBXTargetDependency */,
			);
			name = BCCAttendanceTrackerIOSTests;
			productName = BCCAttendanceTrackerIOSTests;
			productReference = 2CEFB2101FCE9172002090E4 /* BCCAttendanceTrackerIOSTests.xctest */;
			productType = "com.apple.product-type.bundle.unit-test";
		};
		2CEFB21A1FCE9172002090E4 /* BCCAttendanceTrackerIOSUITests */ = {
			isa = PBXNativeTarget;
			buildConfigurationList = 2CEFB22A1FCE9172002090E4 /* Build configuration list for PBXNativeTarget "BCCAttendanceTrackerIOSUITests" */;
			buildPhases = (
				2CEFB2171FCE9172002090E4 /* Sources */,
				2CEFB2181FCE9172002090E4 /* Frameworks */,
				2CEFB2191FCE9172002090E4 /* Resources */,
			);
			buildRules = (
			);
			dependencies = (
				2CEFB21D1FCE9172002090E4 /* PBXTargetDependency */,
			);
			name = BCCAttendanceTrackerIOSUITests;
			productName = BCCAttendanceTrackerIOSUITests;
			productReference = 2CEFB21B1FCE9172002090E4 /* BCCAttendanceTrackerIOSUITests.xctest */;
			productType = "com.apple.product-type.bundle.ui-testing";
		};
/* End PBXNativeTarget section */

/* Begin PBXProject section */
		2CEFB1F41FCE9171002090E4 /* Project object */ = {
			isa = PBXProject;
			attributes = {
				LastSwiftUpdateCheck = 0910;
				LastUpgradeCheck = 0910;
				ORGANIZATIONNAME = Bertrand;
				TargetAttributes = {
					2CEFB1FB1FCE9171002090E4 = {
						CreatedOnToolsVersion = 9.1;
						ProvisioningStyle = Automatic;
					};
					2CEFB20F1FCE9172002090E4 = {
						CreatedOnToolsVersion = 9.1;
						ProvisioningStyle = Automatic;
						TestTargetID = 2CEFB1FB1FCE9171002090E4;
					};
					2CEFB21A1FCE9172002090E4 = {
						CreatedOnToolsVersion = 9.1;
						ProvisioningStyle = Automatic;
						TestTargetID = 2CEFB1FB1FCE9171002090E4;
					};
				};
			};
			buildConfigurationList = 2CEFB1F71FCE9171002090E4 /* Build configuration list for PBXProject "BCCAttendanceTrackerIOS" */;
			compatibilityVersion = "Xcode 8.0";
			developmentRegion = en;
			hasScannedForEncodings = 0;
			knownRegions = (
				en,
				Base,
			);
			mainGroup = 2CEFB1F31FCE9171002090E4;
			productRefGroup = 2CEFB1FD1FCE9172002090E4 /* Products */;
			projectDirPath = "";
			projectRoot = "";
			targets = (
				2CEFB1FB1FCE9171002090E4 /* BCCAttendanceTrackerIOS */,
				2CEFB20F1FCE9172002090E4 /* BCCAttendanceTrackerIOSTests */,
				2CEFB21A1FCE9172002090E4 /* BCCAttendanceTrackerIOSUITests */,
			);
		};
/* End PBXProject section */

/* Begin PBXResourcesBuildPhase section */
		2CEFB1FA1FCE9171002090E4 /* Resources */ = {
			isa = PBXResourcesBuildPhase;
			buildActionMask = 2147483647;
			files = (
				2CEFB20A1FCE9172002090E4 /* LaunchScreen.storyboard in Resources */,
				2CEFB2071FCE9172002090E4 /* Assets.xcassets in Resources */,
				2CEFB2051FCE9172002090E4 /* Main.storyboard in Resources */,
			);
			runOnlyForDeploymentPostprocessing = 0;
		};
		2CEFB20E1FCE9172002090E4 /* Resources */ = {
			isa = PBXResourcesBuildPhase;
			buildActionMask = 2147483647;
			files = (
			);
			runOnlyForDeploymentPostprocessing = 0;
		};
		2CEFB2191FCE9172002090E4 /* Resources */ = {
			isa = PBXResourcesBuildPhase;
			buildActionMask = 2147483647;
			files = (
			);
			runOnlyForDeploymentPostprocessing = 0;
		};
/* End PBXResourcesBuildPhase section */

/* Begin PBXSourcesBuildPhase section */
		2CEFB1F81FCE9171002090E4 /* Sources */ = {
			isa = PBXSourcesBuildPhase;
			buildActionMask = 2147483647;
			files = (
				2CEFB2021FCE9172002090E4 /* ViewController.swift in Sources */,
				2CEFB2001FCE9172002090E4 /* AppDelegate.swift in Sources */,
			);
			runOnlyForDeploymentPostprocessing = 0;
		};
		2CEFB20C1FCE9172002090E4 /* Sources */ = {
			isa = PBXSourcesBuildPhase;
			buildActionMask = 2147483647;
			files = (
				2CEFB2151FCE9172002090E4 /* BCCAttendanceTrackerIOSTests.swift in Sources */,
			);
			runOnlyForDeploymentPostprocessing = 0;
		};
		2CEFB2171FCE9172002090E4 /* Sources */ = {
			isa = PBXSourcesBuildPhase;
			buildActionMask = 2147483647;
			files = (
				2CEFB2201FCE9172002090E4 /* BCCAttendanceTrackerIOSUITests.swift in Sources */,
			);
			runOnlyForDeploymentPostprocessing = 0;
		};
/* End PBXSourcesBuildPhase section */

/* Begin PBXTargetDependency section */
		2CEFB2121FCE9172002090E4 /* PBXTargetDependency */ = {
			isa = PBXTargetDependency;
			target = 2CEFB1FB1FCE9171002090E4 /* BCCAttendanceTrackerIOS */;
			targetProxy = 2CEFB2111FCE9172002090E4 /* PBXContainerItemProxy */;
		};
		2CEFB21D1FCE9172002090E4 /* PBXTargetDependency */ = {
			isa = PBXTargetDependency;
			target = 2CEFB1FB1FCE9171002090E4 /* BCCAttendanceTrackerIOS */;
			targetProxy = 2CEFB21C1FCE9172002090E4 /* PBXContainerItemProxy */;
		};
/* End PBXTargetDependency section */

/* Begin PBXVariantGroup section */
		2CEFB2031FCE9172002090E4 /* Main.storyboard */ = {
			isa = PBXVariantGroup;
			children = (
				2CEFB2041FCE9172002090E4 /* Base */,
			);
			name = Main.storyboard;
			sourceTree = "<group>";
		};
		2CEFB2081FCE9172002090E4 /* LaunchScreen.storyboard */ = {
			isa = PBXVariantGroup;
			children = (
				2CEFB2091FCE9172002090E4 /* Base */,
			);
			name = LaunchScreen.storyboard;
			sourceTree = "<group>";
		};
/* End PBXVariantGroup section */

/* Begin XCBuildConfiguration section */
		2CEFB2221FCE9172002090E4 /* Debug */ = {
			isa = XCBuildConfiguration;
			buildSettings = {
				ALWAYS_SEARCH_USER_PATHS = NO;
				CLANG_ANALYZER_NONNULL = YES;
				CLANG_ANALYZER_NUMBER_OBJECT_CONVERSION = YES_AGGRESSIVE;
				CLANG_CXX_LANGUAGE_STANDARD = "gnu++14";
				CLANG_CXX_LIBRARY = "libc++";
				CLANG_ENABLE_MODULES = YES;
				CLANG_ENABLE_OBJC_ARC = YES;
				CLANG_WARN_BLOCK_CAPTURE_AUTORELEASING = YES;
				CLANG_WARN_BOOL_CONVERSION = YES;
				CLANG_WARN_COMMA = YES;
				CLANG_WARN_CONSTANT_CONVERSION = YES;
				CLANG_WARN_DIRECT_OBJC_ISA_USAGE = YES_ERROR;
				CLANG_WARN_DOCUMENTATION_COMMENTS = YES;
				CLANG_WARN_EMPTY_BODY = YES;
				CLANG_WARN_ENUM_CONVERSION = YES;
				CLANG_WARN_INFINITE_RECURSION = YES;
				CLANG_WARN_INT_CONVERSION = YES;
				CLANG_WARN_NON_LITERAL_NULL_CONVERSION = YES;
				CLANG_WARN_OBJC_LITERAL_CONVERSION = YES;
				CLANG_WARN_OBJC_ROOT_CLASS = YES_ERROR;
				CLANG_WARN_RANGE_LOOP_ANALYSIS = YES;
				CLANG_WARN_STRICT_PROTOTYPES = YES;
				CLANG_WARN_SUSPICIOUS_MOVE = YES;
				CLANG_WARN_UNGUARDED_AVAILABILITY = YES_AGGRESSIVE;
				CLANG_WARN_UNREACHABLE_CODE = YES;
				CLANG_WARN__DUPLICATE_METHOD_MATCH = YES;
				CODE_SIGN_IDENTITY = "iPhone Developer";
				COPY_PHASE_STRIP = NO;
				DEBUG_INFORMATION_FORMAT = dwarf;
				ENABLE_STRICT_OBJC_MSGSEND = YES;
				ENABLE_TESTABILITY = YES;
				GCC_C_LANGUAGE_STANDARD = gnu11;
				GCC_DYNAMIC_NO_PIC = NO;
				GCC_NO_COMMON_BLOCKS = YES;
				GCC_OPTIMIZATION_LEVEL = 0;
				GCC_PREPROCESSOR_DEFINITIONS = (
					"DEBUG=1",
					"$(inherited)",
				);
				GCC_WARN_64_TO_32_BIT_CONVERSION = YES;
				GCC_WARN_ABOUT_RETURN_TYPE = YES_ERROR;
				GCC_WARN_UNDECLARED_SELECTOR = YES;
				GCC_WARN_UNINITIALIZED_AUTOS = YES_AGGRESSIVE;
				GCC_WARN_UNUSED_FUNCTION = YES;
				GCC_WARN_UNUSED_VARIABLE = YES;
				IPHONEOS_DEPLOYMENT_TARGET = 11.1;
				MTL_ENABLE_DEBUG_INFO = YES;
				ONLY_ACTIVE_ARCH = YES;
				SDKROOT = iphoneos;
				SWIFT_ACTIVE_COMPILATION_CONDITIONS = DEBUG;
				SWIFT_OPTIMIZATION_LEVEL = "-Onone";
			};
			name = Debug;
		};
		2CEFB2231FCE9172002090E4 /* Release */ = {
			isa = XCBuildConfiguration;
			buildSettings = {
				ALWAYS_SEARCH_USER_PATHS = NO;
				CLANG_ANALYZER_NONNULL = YES;
				CLANG_ANALYZER_NUMBER_OBJECT_CONVERSION = YES_AGGRESSIVE;
				CLANG_CXX_LANGUAGE_STANDARD = "gnu++14";
				CLANG_CXX_LIBRARY = "libc++";
				CLANG_ENABLE_MODULES = YES;
				CLANG_ENABLE_OBJC_ARC = YES;
				CLANG_WARN_BLOCK_CAPTURE_AUTORELEASING = YES;
				CLANG_WARN_BOOL_CONVERSION = YES;
				CLANG_WARN_COMMA = YES;
				CLANG_WARN_CONSTANT_CONVERSION = YES;
				CLANG_WARN_DIRECT_OBJC_ISA_USAGE = YES_ERROR;
				CLANG_WARN_DOCUMENTATION_COMMENTS = YES;
				CLANG_WARN_EMPTY_BODY = YES;
				CLANG_WARN_ENUM_CONVERSION = YES;
				CLANG_WARN_INFINITE_RECURSION = YES;
				CLANG_WARN_INT_CONVERSION = YES;
				CLANG_WARN_NON_LITERAL_NULL_CONVERSION = YES;
				CLANG_WARN_OBJC_LITERAL_CONVERSION = YES;
				CLANG_WARN_OBJC_ROOT_CLASS = YES_ERROR;
				CLANG_WARN_RANGE_LOOP_ANALYSIS = YES;
				CLANG_WARN_STRICT_PROTOTYPES = YES;
				CLANG_WARN_SUSPICIOUS_MOVE = YES;
				CLANG_WARN_UNGUARDED_AVAILABILITY = YES_AGGRESSIVE;
				CLANG_WARN_UNREACHABLE_CODE = YES;
				CLANG_WARN__DUPLICATE_METHOD_MATCH = YES;
				CODE_SIGN_IDENTITY = "iPhone Developer";
				COPY_PHASE_STRIP = NO;
				DEBUG_INFORMATION_FORMAT = "dwarf-with-dsym";
				ENABLE_NS_ASSERTIONS = NO;
				ENABLE_STRICT_OBJC_MSGSEND = YES;
				GCC_C_LANGUAGE_STANDARD = gnu11;
				GCC_NO_COMMON_BLOCKS = YES;
				GCC_WARN_64_TO_32_BIT_CONVERSION = YES;
				GCC_WARN_ABOUT_RETURN_TYPE = YES_ERROR;
				GCC_WARN_UNDECLARED_SELECTOR = YES;
				GCC_WARN_UNINITIALIZED_AUTOS = YES_AGGRESSIVE;
				GCC_WARN_UNUSED_FUNCTION = YES;
				GCC_WARN_UNUSED_VARIABLE = YES;
				IPHONEOS_DEPLOYMENT_TARGET = 11.1;
				MTL_ENABLE_DEBUG_INFO = NO;
				SDKROOT = iphoneos;
				SWIFT_OPTIMIZATION_LEVEL = "-Owholemodule";
				VALIDATE_PRODUCT = YES;
			};
			name = Release;
		};
		2CEFB2251FCE9172002090E4 /* Debug */ = {
			isa = XCBuildConfiguration;
			buildSettings = {
				ASSETCATALOG_COMPILER_APPICON_NAME = AppIcon;
				CODE_SIGN_STYLE = Automatic;
				DEVELOPMENT_TEAM = 2264N6D3L8;
				INFOPLIST_FILE = BCCAttendanceTrackerIOS/Info.plist;
				LD_RUNPATH_SEARCH_PATHS = "$(inherited) @executable_path/Frameworks";
				PRODUCT_BUNDLE_IDENTIFIER = Bertrand.BCCAttendanceTrackerIOS;
				PRODUCT_NAME = "$(TARGET_NAME)";
				SWIFT_VERSION = 4.0;
				TARGETED_DEVICE_FAMILY = "1,2";
			};
			name = Debug;
		};
		2CEFB2261FCE9172002090E4 /* Release */ = {
			isa = XCBuildConfiguration;
			buildSettings = {
				ASSETCATALOG_COMPILER_APPICON_NAME = AppIcon;
				CODE_SIGN_STYLE = Automatic;
				DEVELOPMENT_TEAM = 2264N6D3L8;
				INFOPLIST_FILE = BCCAttendanceTrackerIOS/Info.plist;
				LD_RUNPATH_SEARCH_PATHS = "$(inherited) @executable_path/Frameworks";
				PRODUCT_BUNDLE_IDENTIFIER = Bertrand.BCCAttendanceTrackerIOS;
				PRODUCT_NAME = "$(TARGET_NAME)";
				SWIFT_VERSION = 4.0;
				TARGETED_DEVICE_FAMILY = "1,2";
			};
			name = Release;
		};
		2CEFB2281FCE9172002090E4 /* Debug */ = {
			isa = XCBuildConfiguration;
			buildSettings = {
				ALWAYS_EMBED_SWIFT_STANDARD_LIBRARIES = YES;
				BUNDLE_LOADER = "$(TEST_HOST)";
				CODE_SIGN_STYLE = Automatic;
				DEVELOPMENT_TEAM = 2264N6D3L8;
				INFOPLIST_FILE = BCCAttendanceTrackerIOSTests/Info.plist;
				LD_RUNPATH_SEARCH_PATHS = "$(inherited) @executable_path/Frameworks @loader_path/Frameworks";
				PRODUCT_BUNDLE_IDENTIFIER = Bertrand.BCCAttendanceTrackerIOSTests;
				PRODUCT_NAME = "$(TARGET_NAME)";
				SWIFT_VERSION = 4.0;
				TARGETED_DEVICE_FAMILY = "1,2";
				TEST_HOST = "$(BUILT_PRODUCTS_DIR)/BCCAttendanceTrackerIOS.app/BCCAttendanceTrackerIOS";
			};
			name = Debug;
		};
		2CEFB2291FCE9172002090E4 /* Release */ = {
			isa = XCBuildConfiguration;
			buildSettings = {
				ALWAYS_EMBED_SWIFT_STANDARD_LIBRARIES = YES;
				BUNDLE_LOADER = "$(TEST_HOST)";
				CODE_SIGN_STYLE = Automatic;
				DEVELOPMENT_TEAM = 2264N6D3L8;
				INFOPLIST_FILE = BCCAttendanceTrackerIOSTests/Info.plist;
				LD_RUNPATH_SEARCH_PATHS = "$(inherited) @executable_path/Frameworks @loader_path/Frameworks";
				PRODUCT_BUNDLE_IDENTIFIER = Bertrand.BCCAttendanceTrackerIOSTests;
				PRODUCT_NAME = "$(TARGET_NAME)";
				SWIFT_VERSION = 4.0;
				TARGETED_DEVICE_FAMILY = "1,2";
				TEST_HOST = "$(BUILT_PRODUCTS_DIR)/BCCAttendanceTrackerIOS.app/BCCAttendanceTrackerIOS";
			};
			name = Release;
		};
		2CEFB22B1FCE9172002090E4 /* Debug */ = {
			isa = XCBuildConfiguration;
			buildSettings = {
				ALWAYS_EMBED_SWIFT_STANDARD_LIBRARIES = YES;
				CODE_SIGN_STYLE = Automatic;
				DEVELOPMENT_TEAM = 2264N6D3L8;
				INFOPLIST_FILE = BCCAttendanceTrackerIOSUITests/Info.plist;
				LD_RUNPATH_SEARCH_PATHS = "$(inherited) @executable_path/Frameworks @loader_path/Frameworks";
				PRODUCT_BUNDLE_IDENTIFIER = Bertrand.BCCAttendanceTrackerIOSUITests;
				PRODUCT_NAME = "$(TARGET_NAME)";
				SWIFT_VERSION = 4.0;
				TARGETED_DEVICE_FAMILY = "1,2";
				TEST_TARGET_NAME = BCCAttendanceTrackerIOS;
			};
			name = Debug;
		};
		2CEFB22C1FCE9172002090E4 /* Release */ = {
			isa = XCBuildConfiguration;
			buildSettings = {
				ALWAYS_EMBED_SWIFT_STANDARD_LIBRARIES = YES;
				CODE_SIGN_STYLE = Automatic;
				DEVELOPMENT_TEAM = 2264N6D3L8;
				INFOPLIST_FILE = BCCAttendanceTrackerIOSUITests/Info.plist;
				LD_RUNPATH_SEARCH_PATHS = "$(inherited) @executable_path/Frameworks @loader_path/Frameworks";
				PRODUCT_BUNDLE_IDENTIFIER = Bertrand.BCCAttendanceTrackerIOSUITests;
				PRODUCT_NAME = "$(TARGET_NAME)";
				SWIFT_VERSION = 4.0;
				TARGETED_DEVICE_FAMILY = "1,2";
				TEST_TARGET_NAME = BCCAttendanceTrackerIOS;
			};
			name = Release;
		};
/* End XCBuildConfiguration section */

/* Begin XCConfigurationList section */
		2CEFB1F71FCE9171002090E4 /* Build configuration list for PBXProject "BCCAttendanceTrackerIOS" */ = {
			isa = XCConfigurationList;
			buildConfigurations = (
				2CEFB2221FCE9172002090E4 /* Debug */,
				2CEFB2231FCE9172002090E4 /* Release */,
			);
			defaultConfigurationIsVisible = 0;
			defaultConfigurationName = Release;
		};
		2CEFB2241FCE9172002090E4 /* Build configuration list for PBXNativeTarget "BCCAttendanceTrackerIOS" */ = {
			isa = XCConfigurationList;
			buildConfigurations = (
				2CEFB2251FCE9172002090E4 /* Debug */,
				2CEFB2261FCE9172002090E4 /* Release */,
			);
			defaultConfigurationIsVisible = 0;
			defaultConfigurationName = Release;
		};
		2CEFB2271FCE9172002090E4 /* Build configuration list for PBXNativeTarget "BCCAttendanceTrackerIOSTests" */ = {
			isa = XCConfigurationList;
			buildConfigurations = (
				2CEFB2281FCE9172002090E4 /* Debug */,
				2CEFB2291FCE9172002090E4 /* Release */,
			);
			defaultConfigurationIsVisible = 0;
			defaultConfigurationName = Release;
		};
		2CEFB22A1FCE9172002090E4 /* Build configuration list for PBXNativeTarget "BCCAttendanceTrackerIOSUITests" */ = {
			isa = XCConfigurationList;
			buildConfigurations = (
				2CEFB22B1FCE9172002090E4 /* Debug */,
				2CEFB22C1FCE9172002090E4 /* Release */,
			);
			defaultConfigurationIsVisible = 0;
			defaultConfigurationName = Release;
		};
/* End XCConfigurationList section */
	};
	rootObject = 2CEFB1F41FCE9171002090E4 /* Project object */;
}
